{
  "requires": true,
  "lockfileVersion": 1,
  "dependencies": {
    "vue-cookies": {
      "version": "1.7.4",
      "resolved": "https://registry.npm.taobao.org/vue-cookies/download/vue-cookies-1.7.4.tgz",
      "integrity": "sha1-0kHQoEMdoHlYN2UdELTXPnyNPo0="
    },
    "vue-router": {
      "version": "3.5.1",
      "resolved": "https://registry.nlark.com/vue-router/download/vue-router-3.5.1.tgz",
      "integrity": "sha1-7fPPSQeVLR4Fg+B5I3Igxf9utsk="
    }
  }
}
